// !$*UTF8*$!
{
	archiveVersion = 1;
	classes = {
	};
	objectVersion = 55;
	objects = {

/* Begin PBXBuildFile section */
		312DBD9127F5EC36001FF7B3 /* MovieCaptureClipCanceled.swift in Sources */ = {isa = PBXBuildFile; fileRef = 312DBD9027F5EC36001FF7B3 /* MovieCaptureClipCanceled.swift */; };
		3F08813327DAB480008EC83C /* TableOfContentsOpened.swift in Sources */ = {isa = PBXBuildFile; fileRef = 3F08813227DAB480008EC83C /* TableOfContentsOpened.swift */; };
		3F2FCE5B27D7BC74000847E8 /* GRDB in Frameworks */ = {isa = PBXBuildFile; productRef = 3F2FCE5A27D7BC74000847E8 /* GRDB */; };
		3F3110EB27E39E0200B50EA4 /* SwipeableChanges.swift in Sources */ = {isa = PBXBuildFile; fileRef = 3F3110E727E39E0200B50EA4 /* SwipeableChanges.swift */; };
		3F3110EC27E39E0200B50EA4 /* SwipeableRoundOneLeft.swift in Sources */ = {isa = PBXBuildFile; fileRef = 3F3110E927E39E0200B50EA4 /* SwipeableRoundOneLeft.swift */; };
		3F3110ED27E39E0200B50EA4 /* SwipeableRoundOneRight.swift in Sources */ = {isa = PBXBuildFile; fileRef = 3F3110EA27E39E0200B50EA4 /* SwipeableRoundOneRight.swift */; };
		3F3110EF27E39E0A00B50EA4 /* Database+SwipeableStudentAnswer.swift in Sources */ = {isa = PBXBuildFile; fileRef = 3F3110EE27E39E0A00B50EA4 /* Database+SwipeableStudentAnswer.swift */; };
		3F3110F327E39F0400B50EA4 /* SketchPadImageCount.swift in Sources */ = {isa = PBXBuildFile; fileRef = 3F3110F127E39F0400B50EA4 /* SketchPadImageCount.swift */; };
		3F3110F427E39F0400B50EA4 /* SketchPadDrawStrokeCount.swift in Sources */ = {isa = PBXBuildFile; fileRef = 3F3110F227E39F0400B50EA4 /* SketchPadDrawStrokeCount.swift */; };
		3F3110F627E39F1000B50EA4 /* Database+SketchPad.swift in Sources */ = {isa = PBXBuildFile; fileRef = 3F3110F527E39F1000B50EA4 /* Database+SketchPad.swift */; };
		3F31110827E3D84700B50EA4 /* Database+OpenResponse.swift in Sources */ = {isa = PBXBuildFile; fileRef = 3F31110727E3D84700B50EA4 /* Database+OpenResponse.swift */; };
		3F31110B27E3D90300B50EA4 /* OpenResponseAttempts.swift in Sources */ = {isa = PBXBuildFile; fileRef = 3F31110A27E3D90300B50EA4 /* OpenResponseAttempts.swift */; };
		3F31110D27E3DAC600B50EA4 /* OpenResponseCharacterCount.swift in Sources */ = {isa = PBXBuildFile; fileRef = 3F31110C27E3DAC600B50EA4 /* OpenResponseCharacterCount.swift */; };
		3F31110F27E3DCC400B50EA4 /* OpenResponseContainsEmoji.swift in Sources */ = {isa = PBXBuildFile; fileRef = 3F31110E27E3DCC400B50EA4 /* OpenResponseContainsEmoji.swift */; };
		3F31111727E3E12900B50EA4 /* PathBuilderNotebookItemsCount.swift in Sources */ = {isa = PBXBuildFile; fileRef = 3F31111627E3E12900B50EA4 /* PathBuilderNotebookItemsCount.swift */; };
		3F31111F27E3FAAE00B50EA4 /* Database+PathBuilderModification.swift in Sources */ = {isa = PBXBuildFile; fileRef = 3F31111E27E3FAAE00B50EA4 /* Database+PathBuilderModification.swift */; };
		3F31112127E4027A00B50EA4 /* Database+StudentProjectContent.swift in Sources */ = {isa = PBXBuildFile; fileRef = 3F31112027E4027A00B50EA4 /* Database+StudentProjectContent.swift */; };
		3F31112327E4089200B50EA4 /* PathBuilderTextItemsCount.swift in Sources */ = {isa = PBXBuildFile; fileRef = 3F31112227E4089200B50EA4 /* PathBuilderTextItemsCount.swift */; };
		3F31112527E40A7200B50EA4 /* PathBuilderLinksCreated.swift in Sources */ = {isa = PBXBuildFile; fileRef = 3F31112427E40A7200B50EA4 /* PathBuilderLinksCreated.swift */; };
		3F31112727E4C79100B50EA4 /* MovieCreatorTextItemCount.swift in Sources */ = {isa = PBXBuildFile; fileRef = 3F31112627E4C79100B50EA4 /* MovieCreatorTextItemCount.swift */; };
		3F31112A27E4C7DC00B50EA4 /* Database+MovieCreator.swift in Sources */ = {isa = PBXBuildFile; fileRef = 3F31112927E4C7DC00B50EA4 /* Database+MovieCreator.swift */; };
		3F31AF3B27DA62B000AE63F5 /* Database+EventLogTable.swift in Sources */ = {isa = PBXBuildFile; fileRef = 3F31AF3A27DA62B000AE63F5 /* Database+EventLogTable.swift */; };
		3F31AF3F27DA75E100AE63F5 /* ViewTime.swift in Sources */ = {isa = PBXBuildFile; fileRef = 3F31AF3E27DA75E100AE63F5 /* ViewTime.swift */; };
		3F340B5C27ED6D7E003E1484 /* MoviePlayTime.swift in Sources */ = {isa = PBXBuildFile; fileRef = 3F340B5B27ED6D7E003E1484 /* MoviePlayTime.swift */; };
		3F340B6027ED7767003E1484 /* Regex in Frameworks */ = {isa = PBXBuildFile; productRef = 3F340B5F27ED7767003E1484 /* Regex */; };
		3F340B6227EE218D003E1484 /* Database+VideoModal.swift in Sources */ = {isa = PBXBuildFile; fileRef = 3F340B6127EE218D003E1484 /* Database+VideoModal.swift */; };
		3F340B6427EE21D6003E1484 /* Database+Job.swift in Sources */ = {isa = PBXBuildFile; fileRef = 3F340B6327EE21D6003E1484 /* Database+Job.swift */; };
		3F340B6627EE2E17003E1484 /* JobSalaryEducationModalOpenCount.swift in Sources */ = {isa = PBXBuildFile; fileRef = 3F340B6527EE2E17003E1484 /* JobSalaryEducationModalOpenCount.swift */; };
		3F340B6827EE2EB9003E1484 /* JobTypicalTasksModalOpenCount.swift in Sources */ = {isa = PBXBuildFile; fileRef = 3F340B6727EE2EB9003E1484 /* JobTypicalTasksModalOpenCount.swift */; };
		3F340B6A27EE2F37003E1484 /* JobTypicalTasksModalFlipCount.swift in Sources */ = {isa = PBXBuildFile; fileRef = 3F340B6927EE2F37003E1484 /* JobTypicalTasksModalFlipCount.swift */; };
		3F340B6D27EE33BC003E1484 /* JobDetailsModalOpenCount.swift in Sources */ = {isa = PBXBuildFile; fileRef = 3F340B6C27EE33BC003E1484 /* JobDetailsModalOpenCount.swift */; };
		3F340B6F27EE341E003E1484 /* JobDetailsModalWorkplaceValueTapCount.swift in Sources */ = {isa = PBXBuildFile; fileRef = 3F340B6E27EE341E003E1484 /* JobDetailsModalWorkplaceValueTapCount.swift */; };
		3F340B7527EE34CC003E1484 /* JobRelatedJobsModalOpenCount.swift in Sources */ = {isa = PBXBuildFile; fileRef = 3F340B7427EE34CC003E1484 /* JobRelatedJobsModalOpenCount.swift */; };
		3F340B7727EE3586003E1484 /* JobDetailsModalWorkplaceValueJobTapCount.swift in Sources */ = {isa = PBXBuildFile; fileRef = 3F340B7627EE3586003E1484 /* JobDetailsModalWorkplaceValueJobTapCount.swift */; };
		3F340B7927EE381C003E1484 /* JobRelatedJobsModalJobTapCount.swift in Sources */ = {isa = PBXBuildFile; fileRef = 3F340B7827EE381C003E1484 /* JobRelatedJobsModalJobTapCount.swift */; };
		3F340B9827EE89C7003E1484 /* ViewCount.swift in Sources */ = {isa = PBXBuildFile; fileRef = 3F340B9727EE89C7003E1484 /* ViewCount.swift */; };
		3F340B9D27EE975A003E1484 /* PDFScrollDistance.swift in Sources */ = {isa = PBXBuildFile; fileRef = 3F340B9C27EE975A003E1484 /* PDFScrollDistance.swift */; };
		3F35DB3527C6CB32009C3DB3 /* AppBookDataAnalyzerApp.swift in Sources */ = {isa = PBXBuildFile; fileRef = 3F35DB3427C6CB32009C3DB3 /* AppBookDataAnalyzerApp.swift */; };
		3F35DB3727C6CB32009C3DB3 /* DirectoryDropView.swift in Sources */ = {isa = PBXBuildFile; fileRef = 3F35DB3627C6CB32009C3DB3 /* DirectoryDropView.swift */; };
		3F35DB3927C6CB33009C3DB3 /* Assets.xcassets in Resources */ = {isa = PBXBuildFile; fileRef = 3F35DB3827C6CB33009C3DB3 /* Assets.xcassets */; };
		3F35DB3C27C6CB33009C3DB3 /* Preview Assets.xcassets in Resources */ = {isa = PBXBuildFile; fileRef = 3F35DB3B27C6CB33009C3DB3 /* Preview Assets.xcassets */; };
		3F35DB4627C6CD6B009C3DB3 /* Curriculum.swift in Sources */ = {isa = PBXBuildFile; fileRef = 3F35DB4527C6CD6B009C3DB3 /* Curriculum.swift */; };
		3F35DB4927C6CEFB009C3DB3 /* AppBook.swift in Sources */ = {isa = PBXBuildFile; fileRef = 3F35DB4827C6CEFB009C3DB3 /* AppBook.swift */; };
		3F35DB4C27C6CF68009C3DB3 /* Job.swift in Sources */ = {isa = PBXBuildFile; fileRef = 3F35DB4B27C6CF68009C3DB3 /* Job.swift */; };
		3F35DB4E27C6D0D5009C3DB3 /* DataDirectory.swift in Sources */ = {isa = PBXBuildFile; fileRef = 3F35DB4D27C6D0D5009C3DB3 /* DataDirectory.swift */; };
		3F35DB5227C6D309009C3DB3 /* Database.swift in Sources */ = {isa = PBXBuildFile; fileRef = 3F35DB5127C6D309009C3DB3 /* Database.swift */; };
		3F35DB5427C6D77F009C3DB3 /* DirectoryDropDelegate.swift in Sources */ = {isa = PBXBuildFile; fileRef = 3F35DB5327C6D77F009C3DB3 /* DirectoryDropDelegate.swift */; };
		3F35DB5627C6E025009C3DB3 /* DataPipelineManager.swift in Sources */ = {isa = PBXBuildFile; fileRef = 3F35DB5527C6E025009C3DB3 /* DataPipelineManager.swift */; };
		3F35DB5A27C6E436009C3DB3 /* DatabaseAnalyzer.swift in Sources */ = {isa = PBXBuildFile; fileRef = 3F35DB5927C6E436009C3DB3 /* DatabaseAnalyzer.swift */; };
		3F35DB5C27C6E4A5009C3DB3 /* AnalysisSession.swift in Sources */ = {isa = PBXBuildFile; fileRef = 3F35DB5B27C6E4A5009C3DB3 /* AnalysisSession.swift */; };
		3F35DB5E27C6E944009C3DB3 /* Supported Curriculums.swift in Sources */ = {isa = PBXBuildFile; fileRef = 3F35DB5D27C6E944009C3DB3 /* Supported Curriculums.swift */; };
		3F35DB6027C6E9C8009C3DB3 /* TextbookMaterial.swift in Sources */ = {isa = PBXBuildFile; fileRef = 3F35DB5F27C6E9C8009C3DB3 /* TextbookMaterial.swift */; };
		3F43166427CD2EBD00A69893 /* Analytic.swift in Sources */ = {isa = PBXBuildFile; fileRef = 3F43166327CD2EBD00A69893 /* Analytic.swift */; };
		3F6B38A127E0EF3E008F4CE2 /* MultipleChoiceAttempts.swift in Sources */ = {isa = PBXBuildFile; fileRef = 3F6B38A027E0EF3E008F4CE2 /* MultipleChoiceAttempts.swift */; };
		3FA21A4F27E279DB00DDEF31 /* Database+MultipleChoice.swift in Sources */ = {isa = PBXBuildFile; fileRef = 3FA21A4E27E279DB00DDEF31 /* Database+MultipleChoice.swift */; };
		3FA21A5327E2882400DDEF31 /* MultipleChoiceTapCount.swift in Sources */ = {isa = PBXBuildFile; fileRef = 3FA21A5227E2882400DDEF31 /* MultipleChoiceTapCount.swift */; };
		3FA21A5727E298EA00DDEF31 /* Database+Question.swift in Sources */ = {isa = PBXBuildFile; fileRef = 3FA21A5627E298EA00DDEF31 /* Database+Question.swift */; };
		3FA21A5B27E2D69500DDEF31 /* QuestionFeedbackModalOpened.swift in Sources */ = {isa = PBXBuildFile; fileRef = 3FA21A5A27E2D69500DDEF31 /* QuestionFeedbackModalOpened.swift */; };
		3FBD80E327ECECE7000094D2 /* MovieCreatorSketchItemCount.swift in Sources */ = {isa = PBXBuildFile; fileRef = 3FBD80E227ECECE7000094D2 /* MovieCreatorSketchItemCount.swift */; };
		3FBD80E527ECEE4F000094D2 /* MovieCreatorPathBuilderItemCount.swift in Sources */ = {isa = PBXBuildFile; fileRef = 3FBD80E427ECEE4F000094D2 /* MovieCreatorPathBuilderItemCount.swift */; };
		3FBD80E727ECEE6B000094D2 /* MovieCreatorNotebookItemCount.swift in Sources */ = {isa = PBXBuildFile; fileRef = 3FBD80E627ECEE6B000094D2 /* MovieCreatorNotebookItemCount.swift */; };
		3FBD80E927ECEEA2000094D2 /* MovieCreatorThemeChangeCount.swift in Sources */ = {isa = PBXBuildFile; fileRef = 3FBD80E827ECEEA2000094D2 /* MovieCreatorThemeChangeCount.swift */; };
		3FBD80EB27ECEEE0000094D2 /* MovieCreatorNarrationChangeCount.swift in Sources */ = {isa = PBXBuildFile; fileRef = 3FBD80EA27ECEEE0000094D2 /* MovieCreatorNarrationChangeCount.swift */; };
		3FBD80ED27ECEF12000094D2 /* MovieCreatorAddSlideCount.swift in Sources */ = {isa = PBXBuildFile; fileRef = 3FBD80EC27ECEF12000094D2 /* MovieCreatorAddSlideCount.swift */; };
		3FBD810327ED2B87000094D2 /* JobExploreCount.swift in Sources */ = {isa = PBXBuildFile; fileRef = 3FBD810227ED2B87000094D2 /* JobExploreCount.swift */; };
		3FBD810527ED2D74000094D2 /* JobMainImageViews.swift in Sources */ = {isa = PBXBuildFile; fileRef = 3FBD810427ED2D74000094D2 /* JobMainImageViews.swift */; };
		3FBD810727ED5392000094D2 /* JobFavoritedCount.swift in Sources */ = {isa = PBXBuildFile; fileRef = 3FBD810627ED5392000094D2 /* JobFavoritedCount.swift */; };
		3FBFBF5327F36291008CABBC /* DatabaseGestureActivated.swift in Sources */ = {isa = PBXBuildFile; fileRef = 3FBFBF5227F36291008CABBC /* DatabaseGestureActivated.swift */; };
		3FE745CC27F22A8000C7AD64 /* Database+BaseEventCount.swift in Sources */ = {isa = PBXBuildFile; fileRef = 3FE745CB27F22A8000C7AD64 /* Database+BaseEventCount.swift */; };
/* End PBXBuildFile section */

/* Begin PBXFileReference section */
		312DBD9027F5EC36001FF7B3 /* MovieCaptureClipCanceled.swift */ = {isa = PBXFileReference; lastKnownFileType = sourcecode.swift; path = MovieCaptureClipCanceled.swift; sourceTree = "<group>"; };
		3F08813227DAB480008EC83C /* TableOfContentsOpened.swift */ = {isa = PBXFileReference; fileEncoding = 4; lastKnownFileType = sourcecode.swift; path = TableOfContentsOpened.swift; sourceTree = "<group>"; };
		3F3110E727E39E0200B50EA4 /* SwipeableChanges.swift */ = {isa = PBXFileReference; fileEncoding = 4; lastKnownFileType = sourcecode.swift; path = SwipeableChanges.swift; sourceTree = "<group>"; };
		3F3110E927E39E0200B50EA4 /* SwipeableRoundOneLeft.swift */ = {isa = PBXFileReference; fileEncoding = 4; lastKnownFileType = sourcecode.swift; path = SwipeableRoundOneLeft.swift; sourceTree = "<group>"; };
		3F3110EA27E39E0200B50EA4 /* SwipeableRoundOneRight.swift */ = {isa = PBXFileReference; fileEncoding = 4; lastKnownFileType = sourcecode.swift; path = SwipeableRoundOneRight.swift; sourceTree = "<group>"; };
		3F3110EE27E39E0A00B50EA4 /* Database+SwipeableStudentAnswer.swift */ = {isa = PBXFileReference; fileEncoding = 4; lastKnownFileType = sourcecode.swift; path = "Database+SwipeableStudentAnswer.swift"; sourceTree = "<group>"; };
		3F3110F127E39F0400B50EA4 /* SketchPadImageCount.swift */ = {isa = PBXFileReference; fileEncoding = 4; lastKnownFileType = sourcecode.swift; path = SketchPadImageCount.swift; sourceTree = "<group>"; };
		3F3110F227E39F0400B50EA4 /* SketchPadDrawStrokeCount.swift */ = {isa = PBXFileReference; fileEncoding = 4; lastKnownFileType = sourcecode.swift; path = SketchPadDrawStrokeCount.swift; sourceTree = "<group>"; };
		3F3110F527E39F1000B50EA4 /* Database+SketchPad.swift */ = {isa = PBXFileReference; fileEncoding = 4; lastKnownFileType = sourcecode.swift; path = "Database+SketchPad.swift"; sourceTree = "<group>"; };
		3F31110727E3D84700B50EA4 /* Database+OpenResponse.swift */ = {isa = PBXFileReference; lastKnownFileType = sourcecode.swift; path = "Database+OpenResponse.swift"; sourceTree = "<group>"; };
		3F31110A27E3D90300B50EA4 /* OpenResponseAttempts.swift */ = {isa = PBXFileReference; lastKnownFileType = sourcecode.swift; path = OpenResponseAttempts.swift; sourceTree = "<group>"; };
		3F31110C27E3DAC600B50EA4 /* OpenResponseCharacterCount.swift */ = {isa = PBXFileReference; lastKnownFileType = sourcecode.swift; path = OpenResponseCharacterCount.swift; sourceTree = "<group>"; };
		3F31110E27E3DCC400B50EA4 /* OpenResponseContainsEmoji.swift */ = {isa = PBXFileReference; lastKnownFileType = sourcecode.swift; path = OpenResponseContainsEmoji.swift; sourceTree = "<group>"; };
		3F31111627E3E12900B50EA4 /* PathBuilderNotebookItemsCount.swift */ = {isa = PBXFileReference; lastKnownFileType = sourcecode.swift; path = PathBuilderNotebookItemsCount.swift; sourceTree = "<group>"; };
		3F31111E27E3FAAE00B50EA4 /* Database+PathBuilderModification.swift */ = {isa = PBXFileReference; lastKnownFileType = sourcecode.swift; path = "Database+PathBuilderModification.swift"; sourceTree = "<group>"; };
		3F31112027E4027A00B50EA4 /* Database+StudentProjectContent.swift */ = {isa = PBXFileReference; lastKnownFileType = sourcecode.swift; path = "Database+StudentProjectContent.swift"; sourceTree = "<group>"; };
		3F31112227E4089200B50EA4 /* PathBuilderTextItemsCount.swift */ = {isa = PBXFileReference; lastKnownFileType = sourcecode.swift; path = PathBuilderTextItemsCount.swift; sourceTree = "<group>"; };
		3F31112427E40A7200B50EA4 /* PathBuilderLinksCreated.swift */ = {isa = PBXFileReference; lastKnownFileType = sourcecode.swift; path = PathBuilderLinksCreated.swift; sourceTree = "<group>"; };
		3F31112627E4C79100B50EA4 /* MovieCreatorTextItemCount.swift */ = {isa = PBXFileReference; lastKnownFileType = sourcecode.swift; path = MovieCreatorTextItemCount.swift; sourceTree = "<group>"; };
		3F31112927E4C7DC00B50EA4 /* Database+MovieCreator.swift */ = {isa = PBXFileReference; lastKnownFileType = sourcecode.swift; path = "Database+MovieCreator.swift"; sourceTree = "<group>"; };
		3F31AF3A27DA62B000AE63F5 /* Database+EventLogTable.swift */ = {isa = PBXFileReference; lastKnownFileType = sourcecode.swift; path = "Database+EventLogTable.swift"; sourceTree = "<group>"; };
		3F31AF3E27DA75E100AE63F5 /* ViewTime.swift */ = {isa = PBXFileReference; fileEncoding = 4; lastKnownFileType = sourcecode.swift; path = ViewTime.swift; sourceTree = "<group>"; };
		3F340B5B27ED6D7E003E1484 /* MoviePlayTime.swift */ = {isa = PBXFileReference; lastKnownFileType = sourcecode.swift; path = MoviePlayTime.swift; sourceTree = "<group>"; };
		3F340B6127EE218D003E1484 /* Database+VideoModal.swift */ = {isa = PBXFileReference; lastKnownFileType = sourcecode.swift; path = "Database+VideoModal.swift"; sourceTree = "<group>"; };
		3F340B6327EE21D6003E1484 /* Database+Job.swift */ = {isa = PBXFileReference; lastKnownFileType = sourcecode.swift; path = "Database+Job.swift"; sourceTree = "<group>"; };
		3F340B6527EE2E17003E1484 /* JobSalaryEducationModalOpenCount.swift */ = {isa = PBXFileReference; lastKnownFileType = sourcecode.swift; path = JobSalaryEducationModalOpenCount.swift; sourceTree = "<group>"; };
		3F340B6727EE2EB9003E1484 /* JobTypicalTasksModalOpenCount.swift */ = {isa = PBXFileReference; lastKnownFileType = sourcecode.swift; path = JobTypicalTasksModalOpenCount.swift; sourceTree = "<group>"; };
		3F340B6927EE2F37003E1484 /* JobTypicalTasksModalFlipCount.swift */ = {isa = PBXFileReference; lastKnownFileType = sourcecode.swift; path = JobTypicalTasksModalFlipCount.swift; sourceTree = "<group>"; };
		3F340B6C27EE33BC003E1484 /* JobDetailsModalOpenCount.swift */ = {isa = PBXFileReference; lastKnownFileType = sourcecode.swift; path = JobDetailsModalOpenCount.swift; sourceTree = "<group>"; };
		3F340B6E27EE341E003E1484 /* JobDetailsModalWorkplaceValueTapCount.swift */ = {isa = PBXFileReference; lastKnownFileType = sourcecode.swift; path = JobDetailsModalWorkplaceValueTapCount.swift; sourceTree = "<group>"; };
		3F340B7427EE34CC003E1484 /* JobRelatedJobsModalOpenCount.swift */ = {isa = PBXFileReference; lastKnownFileType = sourcecode.swift; path = JobRelatedJobsModalOpenCount.swift; sourceTree = "<group>"; };
		3F340B7627EE3586003E1484 /* JobDetailsModalWorkplaceValueJobTapCount.swift */ = {isa = PBXFileReference; lastKnownFileType = sourcecode.swift; path = JobDetailsModalWorkplaceValueJobTapCount.swift; sourceTree = "<group>"; };
		3F340B7827EE381C003E1484 /* JobRelatedJobsModalJobTapCount.swift */ = {isa = PBXFileReference; lastKnownFileType = sourcecode.swift; path = JobRelatedJobsModalJobTapCount.swift; sourceTree = "<group>"; };
		3F340B9727EE89C7003E1484 /* ViewCount.swift */ = {isa = PBXFileReference; lastKnownFileType = sourcecode.swift; path = ViewCount.swift; sourceTree = "<group>"; };
		3F340B9C27EE975A003E1484 /* PDFScrollDistance.swift */ = {isa = PBXFileReference; lastKnownFileType = sourcecode.swift; path = PDFScrollDistance.swift; sourceTree = "<group>"; };
		3F35DB3127C6CB32009C3DB3 /* AppBookDataAnalyzer.app */ = {isa = PBXFileReference; explicitFileType = wrapper.application; includeInIndex = 0; path = AppBookDataAnalyzer.app; sourceTree = BUILT_PRODUCTS_DIR; };
		3F35DB3427C6CB32009C3DB3 /* AppBookDataAnalyzerApp.swift */ = {isa = PBXFileReference; lastKnownFileType = sourcecode.swift; path = AppBookDataAnalyzerApp.swift; sourceTree = "<group>"; };
		3F35DB3627C6CB32009C3DB3 /* DirectoryDropView.swift */ = {isa = PBXFileReference; lastKnownFileType = sourcecode.swift; path = DirectoryDropView.swift; sourceTree = "<group>"; };
		3F35DB3827C6CB33009C3DB3 /* Assets.xcassets */ = {isa = PBXFileReference; lastKnownFileType = folder.assetcatalog; path = Assets.xcassets; sourceTree = "<group>"; };
		3F35DB3B27C6CB33009C3DB3 /* Preview Assets.xcassets */ = {isa = PBXFileReference; lastKnownFileType = folder.assetcatalog; path = "Preview Assets.xcassets"; sourceTree = "<group>"; };
		3F35DB3D27C6CB33009C3DB3 /* AppBookDataAnalyzer.entitlements */ = {isa = PBXFileReference; lastKnownFileType = text.plist.entitlements; path = AppBookDataAnalyzer.entitlements; sourceTree = "<group>"; };
		3F35DB4527C6CD6B009C3DB3 /* Curriculum.swift */ = {isa = PBXFileReference; lastKnownFileType = sourcecode.swift; path = Curriculum.swift; sourceTree = "<group>"; };
		3F35DB4827C6CEFB009C3DB3 /* AppBook.swift */ = {isa = PBXFileReference; lastKnownFileType = sourcecode.swift; path = AppBook.swift; sourceTree = "<group>"; };
		3F35DB4B27C6CF68009C3DB3 /* Job.swift */ = {isa = PBXFileReference; lastKnownFileType = sourcecode.swift; path = Job.swift; sourceTree = "<group>"; };
		3F35DB4D27C6D0D5009C3DB3 /* DataDirectory.swift */ = {isa = PBXFileReference; lastKnownFileType = sourcecode.swift; path = DataDirectory.swift; sourceTree = "<group>"; };
		3F35DB5127C6D309009C3DB3 /* Database.swift */ = {isa = PBXFileReference; lastKnownFileType = sourcecode.swift; path = Database.swift; sourceTree = "<group>"; };
		3F35DB5327C6D77F009C3DB3 /* DirectoryDropDelegate.swift */ = {isa = PBXFileReference; lastKnownFileType = sourcecode.swift; path = DirectoryDropDelegate.swift; sourceTree = "<group>"; };
		3F35DB5527C6E025009C3DB3 /* DataPipelineManager.swift */ = {isa = PBXFileReference; lastKnownFileType = sourcecode.swift; path = DataPipelineManager.swift; sourceTree = "<group>"; };
		3F35DB5927C6E436009C3DB3 /* DatabaseAnalyzer.swift */ = {isa = PBXFileReference; lastKnownFileType = sourcecode.swift; path = DatabaseAnalyzer.swift; sourceTree = "<group>"; };
		3F35DB5B27C6E4A5009C3DB3 /* AnalysisSession.swift */ = {isa = PBXFileReference; lastKnownFileType = sourcecode.swift; path = AnalysisSession.swift; sourceTree = "<group>"; };
		3F35DB5D27C6E944009C3DB3 /* Supported Curriculums.swift */ = {isa = PBXFileReference; lastKnownFileType = sourcecode.swift; path = "Supported Curriculums.swift"; sourceTree = "<group>"; };
		3F35DB5F27C6E9C8009C3DB3 /* TextbookMaterial.swift */ = {isa = PBXFileReference; lastKnownFileType = sourcecode.swift; path = TextbookMaterial.swift; sourceTree = "<group>"; };
		3F43166327CD2EBD00A69893 /* Analytic.swift */ = {isa = PBXFileReference; lastKnownFileType = sourcecode.swift; path = Analytic.swift; sourceTree = "<group>"; };
		3F6B38A027E0EF3E008F4CE2 /* MultipleChoiceAttempts.swift */ = {isa = PBXFileReference; lastKnownFileType = sourcecode.swift; path = MultipleChoiceAttempts.swift; sourceTree = "<group>"; };
		3FA21A4E27E279DB00DDEF31 /* Database+MultipleChoice.swift */ = {isa = PBXFileReference; lastKnownFileType = sourcecode.swift; path = "Database+MultipleChoice.swift"; sourceTree = "<group>"; };
		3FA21A5227E2882400DDEF31 /* MultipleChoiceTapCount.swift */ = {isa = PBXFileReference; lastKnownFileType = sourcecode.swift; path = MultipleChoiceTapCount.swift; sourceTree = "<group>"; };
		3FA21A5627E298EA00DDEF31 /* Database+Question.swift */ = {isa = PBXFileReference; lastKnownFileType = sourcecode.swift; path = "Database+Question.swift"; sourceTree = "<group>"; };
		3FA21A5A27E2D69500DDEF31 /* QuestionFeedbackModalOpened.swift */ = {isa = PBXFileReference; lastKnownFileType = sourcecode.swift; path = QuestionFeedbackModalOpened.swift; sourceTree = "<group>"; };
		3FBD80E227ECECE7000094D2 /* MovieCreatorSketchItemCount.swift */ = {isa = PBXFileReference; lastKnownFileType = sourcecode.swift; path = MovieCreatorSketchItemCount.swift; sourceTree = "<group>"; };
		3FBD80E427ECEE4F000094D2 /* MovieCreatorPathBuilderItemCount.swift */ = {isa = PBXFileReference; lastKnownFileType = sourcecode.swift; path = MovieCreatorPathBuilderItemCount.swift; sourceTree = "<group>"; };
		3FBD80E627ECEE6B000094D2 /* MovieCreatorNotebookItemCount.swift */ = {isa = PBXFileReference; lastKnownFileType = sourcecode.swift; path = MovieCreatorNotebookItemCount.swift; sourceTree = "<group>"; };
		3FBD80E827ECEEA2000094D2 /* MovieCreatorThemeChangeCount.swift */ = {isa = PBXFileReference; lastKnownFileType = sourcecode.swift; path = MovieCreatorThemeChangeCount.swift; sourceTree = "<group>"; };
		3FBD80EA27ECEEE0000094D2 /* MovieCreatorNarrationChangeCount.swift */ = {isa = PBXFileReference; lastKnownFileType = sourcecode.swift; path = MovieCreatorNarrationChangeCount.swift; sourceTree = "<group>"; };
		3FBD80EC27ECEF12000094D2 /* MovieCreatorAddSlideCount.swift */ = {isa = PBXFileReference; lastKnownFileType = sourcecode.swift; path = MovieCreatorAddSlideCount.swift; sourceTree = "<group>"; };
		3FBD810227ED2B87000094D2 /* JobExploreCount.swift */ = {isa = PBXFileReference; lastKnownFileType = sourcecode.swift; path = JobExploreCount.swift; sourceTree = "<group>"; };
		3FBD810427ED2D74000094D2 /* JobMainImageViews.swift */ = {isa = PBXFileReference; lastKnownFileType = sourcecode.swift; path = JobMainImageViews.swift; sourceTree = "<group>"; };
		3FBD810627ED5392000094D2 /* JobFavoritedCount.swift */ = {isa = PBXFileReference; lastKnownFileType = sourcecode.swift; path = JobFavoritedCount.swift; sourceTree = "<group>"; };
		3FBFBF5227F36291008CABBC /* DatabaseGestureActivated.swift */ = {isa = PBXFileReference; fileEncoding = 4; lastKnownFileType = sourcecode.swift; path = DatabaseGestureActivated.swift; sourceTree = "<group>"; };
		3FE745CB27F22A8000C7AD64 /* Database+BaseEventCount.swift */ = {isa = PBXFileReference; lastKnownFileType = sourcecode.swift; path = "Database+BaseEventCount.swift"; sourceTree = "<group>"; };
/* End PBXFileReference section */

/* Begin PBXFrameworksBuildPhase section */
		3F35DB2E27C6CB32009C3DB3 /* Frameworks */ = {
			isa = PBXFrameworksBuildPhase;
			buildActionMask = 2147483647;
			files = (
				3F340B6027ED7767003E1484 /* Regex in Frameworks */,
				3F2FCE5B27D7BC74000847E8 /* GRDB in Frameworks */,
			);
			runOnlyForDeploymentPostprocessing = 0;
		};
/* End PBXFrameworksBuildPhase section */

/* Begin PBXGroup section */
		3F3110E527E39E0200B50EA4 /* Swipe */ = {
			isa = PBXGroup;
			children = (
				3F3110E827E39E0200B50EA4 /* Round One */,
				3F3110E627E39E0200B50EA4 /* Changes after Round One */,
			);
			path = Swipe;
			sourceTree = "<group>";
		};
		3F3110E627E39E0200B50EA4 /* Changes after Round One */ = {
			isa = PBXGroup;
			children = (
				3F3110E727E39E0200B50EA4 /* SwipeableChanges.swift */,
			);
			path = "Changes after Round One";
			sourceTree = "<group>";
		};
		3F3110E827E39E0200B50EA4 /* Round One */ = {
			isa = PBXGroup;
			children = (
				3F3110E927E39E0200B50EA4 /* SwipeableRoundOneLeft.swift */,
				3F3110EA27E39E0200B50EA4 /* SwipeableRoundOneRight.swift */,
			);
			path = "Round One";
			sourceTree = "<group>";
		};
		3F3110F027E39F0400B50EA4 /* Drawing */ = {
			isa = PBXGroup;
			children = (
				3F3110F127E39F0400B50EA4 /* SketchPadImageCount.swift */,
				3F3110F227E39F0400B50EA4 /* SketchPadDrawStrokeCount.swift */,
			);
			path = Drawing;
			sourceTree = "<group>";
		};
		3F31110927E3D8CA00B50EA4 /* Open Response */ = {
			isa = PBXGroup;
			children = (
				3F31110A27E3D90300B50EA4 /* OpenResponseAttempts.swift */,
				3F31110C27E3DAC600B50EA4 /* OpenResponseCharacterCount.swift */,
				3F31110E27E3DCC400B50EA4 /* OpenResponseContainsEmoji.swift */,
			);
			path = "Open Response";
			sourceTree = "<group>";
		};
		3F31111527E3E11700B50EA4 /* Path Builder */ = {
			isa = PBXGroup;
			children = (
				3F31111627E3E12900B50EA4 /* PathBuilderNotebookItemsCount.swift */,
				3F31112227E4089200B50EA4 /* PathBuilderTextItemsCount.swift */,
				3F31112427E40A7200B50EA4 /* PathBuilderLinksCreated.swift */,
			);
			path = "Path Builder";
			sourceTree = "<group>";
		};
		3F31112827E4C79800B50EA4 /* Movie Creator */ = {
			isa = PBXGroup;
			children = (
				3F31112627E4C79100B50EA4 /* MovieCreatorTextItemCount.swift */,
				3FBD80E227ECECE7000094D2 /* MovieCreatorSketchItemCount.swift */,
				3FBD80E427ECEE4F000094D2 /* MovieCreatorPathBuilderItemCount.swift */,
				3FBD80E627ECEE6B000094D2 /* MovieCreatorNotebookItemCount.swift */,
				3FBD80E827ECEEA2000094D2 /* MovieCreatorThemeChangeCount.swift */,
				3FBD80EA27ECEEE0000094D2 /* MovieCreatorNarrationChangeCount.swift */,
				3FBD80EC27ECEF12000094D2 /* MovieCreatorAddSlideCount.swift */,
			);
			path = "Movie Creator";
			sourceTree = "<group>";
		};
		3F31AF3C27DA62BE00AE63F5 /* Database */ = {
			isa = PBXGroup;
			children = (
				3F35DB5127C6D309009C3DB3 /* Database.swift */,
				3FE745CB27F22A8000C7AD64 /* Database+BaseEventCount.swift */,
				3F31AF3A27DA62B000AE63F5 /* Database+EventLogTable.swift */,
				3FA21A5827E298EF00DDEF31 /* Question */,
				3F340B6B27EE318D003E1484 /* Career Explorer */,
			);
			path = Database;
			sourceTree = "<group>";
		};
		3F340B5D27ED6D82003E1484 /* Movie Player */ = {
			isa = PBXGroup;
			children = (
				3F340B5B27ED6D7E003E1484 /* MoviePlayTime.swift */,
				312DBD9027F5EC36001FF7B3 /* MovieCaptureClipCanceled.swift */,
			);
			path = "Movie Player";
			sourceTree = "<group>";
		};
		3F340B6B27EE318D003E1484 /* Career Explorer */ = {
			isa = PBXGroup;
			children = (
				3F340B6327EE21D6003E1484 /* Database+Job.swift */,
				3F340B6127EE218D003E1484 /* Database+VideoModal.swift */,
			);
			path = "Career Explorer";
			sourceTree = "<group>";
		};
		3F340B7027EE3455003E1484 /* Details */ = {
			isa = PBXGroup;
			children = (
				3F340B6C27EE33BC003E1484 /* JobDetailsModalOpenCount.swift */,
				3F340B6E27EE341E003E1484 /* JobDetailsModalWorkplaceValueTapCount.swift */,
				3F340B7627EE3586003E1484 /* JobDetailsModalWorkplaceValueJobTapCount.swift */,
			);
			path = Details;
			sourceTree = "<group>";
		};
		3F340B7127EE3460003E1484 /* Typical Tasks */ = {
			isa = PBXGroup;
			children = (
				3F340B6727EE2EB9003E1484 /* JobTypicalTasksModalOpenCount.swift */,
				3F340B6927EE2F37003E1484 /* JobTypicalTasksModalFlipCount.swift */,
			);
			path = "Typical Tasks";
			sourceTree = "<group>";
		};
		3F340B7227EE3471003E1484 /* Modals */ = {
			isa = PBXGroup;
			children = (
				3F340B6527EE2E17003E1484 /* JobSalaryEducationModalOpenCount.swift */,
				3F340B7127EE3460003E1484 /* Typical Tasks */,
				3F340B7027EE3455003E1484 /* Details */,
				3F340B7327EE34AB003E1484 /* Related Jobs */,
			);
			path = Modals;
			sourceTree = "<group>";
		};
		3F340B7327EE34AB003E1484 /* Related Jobs */ = {
			isa = PBXGroup;
			children = (
				3F340B7427EE34CC003E1484 /* JobRelatedJobsModalOpenCount.swift */,
				3F340B7827EE381C003E1484 /* JobRelatedJobsModalJobTapCount.swift */,
			);
			path = "Related Jobs";
			sourceTree = "<group>";
		};
		3F340B9627EE89A5003E1484 /* Textbook Material View Stats */ = {
			isa = PBXGroup;
			children = (
				3F31AF3E27DA75E100AE63F5 /* ViewTime.swift */,
				3F340B9727EE89C7003E1484 /* ViewCount.swift */,
			);
			path = "Textbook Material View Stats";
			sourceTree = "<group>";
		};
		3F35DB2827C6CB32009C3DB3 = {
			isa = PBXGroup;
			children = (
				3F35DB3327C6CB32009C3DB3 /* AppBookDataAnalyzer */,
				3F35DB3227C6CB32009C3DB3 /* Products */,
			);
			sourceTree = "<group>";
		};
		3F35DB3227C6CB32009C3DB3 /* Products */ = {
			isa = PBXGroup;
			children = (
				3F35DB3127C6CB32009C3DB3 /* AppBookDataAnalyzer.app */,
			);
			name = Products;
			sourceTree = "<group>";
		};
		3F35DB3327C6CB32009C3DB3 /* AppBookDataAnalyzer */ = {
			isa = PBXGroup;
			children = (
				3F35DB3427C6CB32009C3DB3 /* AppBookDataAnalyzerApp.swift */,
				3F35DB5727C6E36E009C3DB3 /* Views */,
				3F35DB5827C6E3B1009C3DB3 /* Data Flow */,
				3F35DB5027C6D2B2009C3DB3 /* Data Models for Columns */,
				3F31AF3C27DA62BE00AE63F5 /* Database */,
				3F43166227CD2E7900A69893 /* Analytics for Rows */,
				3F35DB3827C6CB33009C3DB3 /* Assets.xcassets */,
				3F35DB3D27C6CB33009C3DB3 /* AppBookDataAnalyzer.entitlements */,
				3F35DB3A27C6CB33009C3DB3 /* Preview Content */,
			);
			path = AppBookDataAnalyzer;
			sourceTree = "<group>";
		};
		3F35DB3A27C6CB33009C3DB3 /* Preview Content */ = {
			isa = PBXGroup;
			children = (
				3F35DB3B27C6CB33009C3DB3 /* Preview Assets.xcassets */,
			);
			path = "Preview Content";
			sourceTree = "<group>";
		};
		3F35DB5027C6D2B2009C3DB3 /* Data Models for Columns */ = {
			isa = PBXGroup;
			children = (
				3F35DB4527C6CD6B009C3DB3 /* Curriculum.swift */,
				3F35DB5F27C6E9C8009C3DB3 /* TextbookMaterial.swift */,
				3F35DB5D27C6E944009C3DB3 /* Supported Curriculums.swift */,
				3F35DB4827C6CEFB009C3DB3 /* AppBook.swift */,
				3F35DB4B27C6CF68009C3DB3 /* Job.swift */,
			);
			path = "Data Models for Columns";
			sourceTree = "<group>";
		};
		3F35DB5727C6E36E009C3DB3 /* Views */ = {
			isa = PBXGroup;
			children = (
				3F35DB3627C6CB32009C3DB3 /* DirectoryDropView.swift */,
			);
			path = Views;
			sourceTree = "<group>";
		};
		3F35DB5827C6E3B1009C3DB3 /* Data Flow */ = {
			isa = PBXGroup;
			children = (
				3F35DB5527C6E025009C3DB3 /* DataPipelineManager.swift */,
				3F35DB5327C6D77F009C3DB3 /* DirectoryDropDelegate.swift */,
				3F35DB4D27C6D0D5009C3DB3 /* DataDirectory.swift */,
				3F35DB5927C6E436009C3DB3 /* DatabaseAnalyzer.swift */,
				3F35DB5B27C6E4A5009C3DB3 /* AnalysisSession.swift */,
			);
			path = "Data Flow";
			sourceTree = "<group>";
		};
		3F43166227CD2E7900A69893 /* Analytics for Rows */ = {
			isa = PBXGroup;
			children = (
				3F43166327CD2EBD00A69893 /* Analytic.swift */,
				3F340B9C27EE975A003E1484 /* PDFScrollDistance.swift */,
				3F340B9627EE89A5003E1484 /* Textbook Material View Stats */,
				3F08813227DAB480008EC83C /* TableOfContentsOpened.swift */,
				3FA21A5A27E2D69500DDEF31 /* QuestionFeedbackModalOpened.swift */,
				3F340B5D27ED6D82003E1484 /* Movie Player */,
				3FA21A5127E2880600DDEF31 /* Multiple Chocie */,
				3F31110927E3D8CA00B50EA4 /* Open Response */,
				3F3110E527E39E0200B50EA4 /* Swipe */,
				3F3110F027E39F0400B50EA4 /* Drawing */,
				3F31112827E4C79800B50EA4 /* Movie Creator */,
				3F31111527E3E11700B50EA4 /* Path Builder */,
				3FBD810127ED2B67000094D2 /* Career Explorer */,
				3FBFBF5127F36291008CABBC /* Tech */,
			);
			path = "Analytics for Rows";
			sourceTree = "<group>";
		};
		3FA21A5127E2880600DDEF31 /* Multiple Chocie */ = {
			isa = PBXGroup;
			children = (
				3F6B38A027E0EF3E008F4CE2 /* MultipleChoiceAttempts.swift */,
				3FA21A5227E2882400DDEF31 /* MultipleChoiceTapCount.swift */,
			);
			path = "Multiple Chocie";
			sourceTree = "<group>";
		};
		3FA21A5827E298EF00DDEF31 /* Question */ = {
			isa = PBXGroup;
			children = (
				3FA21A5627E298EA00DDEF31 /* Database+Question.swift */,
				3FA21A4E27E279DB00DDEF31 /* Database+MultipleChoice.swift */,
				3F3110EE27E39E0A00B50EA4 /* Database+SwipeableStudentAnswer.swift */,
				3F3110F527E39F1000B50EA4 /* Database+SketchPad.swift */,
				3F31110727E3D84700B50EA4 /* Database+OpenResponse.swift */,
				3F31111E27E3FAAE00B50EA4 /* Database+PathBuilderModification.swift */,
				3F31112027E4027A00B50EA4 /* Database+StudentProjectContent.swift */,
				3F31112927E4C7DC00B50EA4 /* Database+MovieCreator.swift */,
			);
			path = Question;
			sourceTree = "<group>";
		};
		3FBD810127ED2B67000094D2 /* Career Explorer */ = {
			isa = PBXGroup;
			children = (
				3FBD810227ED2B87000094D2 /* JobExploreCount.swift */,
				3FBD810427ED2D74000094D2 /* JobMainImageViews.swift */,
				3FBD810627ED5392000094D2 /* JobFavoritedCount.swift */,
				3F340B7227EE3471003E1484 /* Modals */,
			);
			path = "Career Explorer";
			sourceTree = "<group>";
		};
		3FBFBF5127F36291008CABBC /* Tech */ = {
			isa = PBXGroup;
			children = (
				3FBFBF5227F36291008CABBC /* DatabaseGestureActivated.swift */,
			);
			path = Tech;
			sourceTree = "<group>";
		};
/* End PBXGroup section */

/* Begin PBXNativeTarget section */
		3F35DB3027C6CB32009C3DB3 /* AppBookDataAnalyzer */ = {
			isa = PBXNativeTarget;
			buildConfigurationList = 3F35DB4027C6CB33009C3DB3 /* Build configuration list for PBXNativeTarget "AppBookDataAnalyzer" */;
			buildPhases = (
				3F35DB2D27C6CB32009C3DB3 /* Sources */,
				3F35DB2E27C6CB32009C3DB3 /* Frameworks */,
				3F35DB2F27C6CB32009C3DB3 /* Resources */,
			);
			buildRules = (
			);
			dependencies = (
			);
			name = AppBookDataAnalyzer;
			packageProductDependencies = (
				3F2FCE5A27D7BC74000847E8 /* GRDB */,
				3F340B5F27ED7767003E1484 /* Regex */,
			);
			productName = AppBookDataAnalyzer;
			productReference = 3F35DB3127C6CB32009C3DB3 /* AppBookDataAnalyzer.app */;
			productType = "com.apple.product-type.application";
		};
/* End PBXNativeTarget section */

/* Begin PBXProject section */
		3F35DB2927C6CB32009C3DB3 /* Project object */ = {
			isa = PBXProject;
			attributes = {
				BuildIndependentTargetsInParallel = 1;
				LastSwiftUpdateCheck = 1320;
				LastUpgradeCheck = 1320;
				TargetAttributes = {
					3F35DB3027C6CB32009C3DB3 = {
						CreatedOnToolsVersion = 13.2;
					};
				};
			};
			buildConfigurationList = 3F35DB2C27C6CB32009C3DB3 /* Build configuration list for PBXProject "AppBookDataAnalyzer" */;
			compatibilityVersion = "Xcode 13.0";
			developmentRegion = en;
			hasScannedForEncodings = 0;
			knownRegions = (
				en,
				Base,
			);
			mainGroup = 3F35DB2827C6CB32009C3DB3;
			packageReferences = (
				3F2FCE5927D7BC74000847E8 /* XCRemoteSwiftPackageReference "GRDB.swift" */,
				3F340B5E27ED7767003E1484 /* XCRemoteSwiftPackageReference "Regex" */,
			);
			productRefGroup = 3F35DB3227C6CB32009C3DB3 /* Products */;
			projectDirPath = "";
			projectRoot = "";
			targets = (
				3F35DB3027C6CB32009C3DB3 /* AppBookDataAnalyzer */,
			);
		};
/* End PBXProject section */

/* Begin PBXResourcesBuildPhase section */
		3F35DB2F27C6CB32009C3DB3 /* Resources */ = {
			isa = PBXResourcesBuildPhase;
			buildActionMask = 2147483647;
			files = (
				3F35DB3C27C6CB33009C3DB3 /* Preview Assets.xcassets in Resources */,
				3F35DB3927C6CB33009C3DB3 /* Assets.xcassets in Resources */,
			);
			runOnlyForDeploymentPostprocessing = 0;
		};
/* End PBXResourcesBuildPhase section */

/* Begin PBXSourcesBuildPhase section */
		3F35DB2D27C6CB32009C3DB3 /* Sources */ = {
			isa = PBXSourcesBuildPhase;
			buildActionMask = 2147483647;
			files = (
				3F35DB3727C6CB32009C3DB3 /* DirectoryDropView.swift in Sources */,
				3F35DB4C27C6CF68009C3DB3 /* Job.swift in Sources */,
				3FBFBF5327F36291008CABBC /* DatabaseGestureActivated.swift in Sources */,
				3F31AF3F27DA75E100AE63F5 /* ViewTime.swift in Sources */,
				3F340B7727EE3586003E1484 /* JobDetailsModalWorkplaceValueJobTapCount.swift in Sources */,
				3FA21A5327E2882400DDEF31 /* MultipleChoiceTapCount.swift in Sources */,
				3FBD810327ED2B87000094D2 /* JobExploreCount.swift in Sources */,
				3F31110D27E3DAC600B50EA4 /* OpenResponseCharacterCount.swift in Sources */,
				3F35DB5E27C6E944009C3DB3 /* Supported Curriculums.swift in Sources */,
				3FE745CC27F22A8000C7AD64 /* Database+BaseEventCount.swift in Sources */,
				3F31AF3B27DA62B000AE63F5 /* Database+EventLogTable.swift in Sources */,
				3F31112327E4089200B50EA4 /* PathBuilderTextItemsCount.swift in Sources */,
				3F35DB5C27C6E4A5009C3DB3 /* AnalysisSession.swift in Sources */,
				3FBD80ED27ECEF12000094D2 /* MovieCreatorAddSlideCount.swift in Sources */,
				3F3110F627E39F1000B50EA4 /* Database+SketchPad.swift in Sources */,
				3F3110EC27E39E0200B50EA4 /* SwipeableRoundOneLeft.swift in Sources */,
				3F3110EB27E39E0200B50EA4 /* SwipeableChanges.swift in Sources */,
				3F35DB5627C6E025009C3DB3 /* DataPipelineManager.swift in Sources */,
				3F31112127E4027A00B50EA4 /* Database+StudentProjectContent.swift in Sources */,
				3F31112727E4C79100B50EA4 /* MovieCreatorTextItemCount.swift in Sources */,
				3FBD80EB27ECEEE0000094D2 /* MovieCreatorNarrationChangeCount.swift in Sources */,
				3F340B6A27EE2F37003E1484 /* JobTypicalTasksModalFlipCount.swift in Sources */,
				3F35DB4927C6CEFB009C3DB3 /* AppBook.swift in Sources */,
				3FBD810527ED2D74000094D2 /* JobMainImageViews.swift in Sources */,
				3F08813327DAB480008EC83C /* TableOfContentsOpened.swift in Sources */,
				3F35DB5427C6D77F009C3DB3 /* DirectoryDropDelegate.swift in Sources */,
				3F35DB4627C6CD6B009C3DB3 /* Curriculum.swift in Sources */,
				3FA21A4F27E279DB00DDEF31 /* Database+MultipleChoice.swift in Sources */,
				3F31112527E40A7200B50EA4 /* PathBuilderLinksCreated.swift in Sources */,
				3F35DB6027C6E9C8009C3DB3 /* TextbookMaterial.swift in Sources */,
				3F3110F327E39F0400B50EA4 /* SketchPadImageCount.swift in Sources */,
				3F340B6627EE2E17003E1484 /* JobSalaryEducationModalOpenCount.swift in Sources */,
				312DBD9127F5EC36001FF7B3 /* MovieCaptureClipCanceled.swift in Sources */,
				3F35DB3527C6CB32009C3DB3 /* AppBookDataAnalyzerApp.swift in Sources */,
				3F340B6427EE21D6003E1484 /* Database+Job.swift in Sources */,
				3F35DB5227C6D309009C3DB3 /* Database.swift in Sources */,
				3F3110F427E39F0400B50EA4 /* SketchPadDrawStrokeCount.swift in Sources */,
				3F31110827E3D84700B50EA4 /* Database+OpenResponse.swift in Sources */,
				3F340B6D27EE33BC003E1484 /* JobDetailsModalOpenCount.swift in Sources */,
				3F6B38A127E0EF3E008F4CE2 /* MultipleChoiceAttempts.swift in Sources */,
				3F31111F27E3FAAE00B50EA4 /* Database+PathBuilderModification.swift in Sources */,
				3FBD810727ED5392000094D2 /* JobFavoritedCount.swift in Sources */,
				3F340B7927EE381C003E1484 /* JobRelatedJobsModalJobTapCount.swift in Sources */,
				3FA21A5B27E2D69500DDEF31 /* QuestionFeedbackModalOpened.swift in Sources */,
				3F3110ED27E39E0200B50EA4 /* SwipeableRoundOneRight.swift in Sources */,
				3FBD80E927ECEEA2000094D2 /* MovieCreatorThemeChangeCount.swift in Sources */,
				3F35DB5A27C6E436009C3DB3 /* DatabaseAnalyzer.swift in Sources */,
				3FA21A5727E298EA00DDEF31 /* Database+Question.swift in Sources */,
				3F3110EF27E39E0A00B50EA4 /* Database+SwipeableStudentAnswer.swift in Sources */,
				3F340B6227EE218D003E1484 /* Database+VideoModal.swift in Sources */,
				3F35DB4E27C6D0D5009C3DB3 /* DataDirectory.swift in Sources */,
				3F31110B27E3D90300B50EA4 /* OpenResponseAttempts.swift in Sources */,
				3FBD80E727ECEE6B000094D2 /* MovieCreatorNotebookItemCount.swift in Sources */,
				3F340B6F27EE341E003E1484 /* JobDetailsModalWorkplaceValueTapCount.swift in Sources */,
				3F43166427CD2EBD00A69893 /* Analytic.swift in Sources */,
				3F31111727E3E12900B50EA4 /* PathBuilderNotebookItemsCount.swift in Sources */,
				3FBD80E327ECECE7000094D2 /* MovieCreatorSketchItemCount.swift in Sources */,
				3F340B6827EE2EB9003E1484 /* JobTypicalTasksModalOpenCount.swift in Sources */,
				3F340B9827EE89C7003E1484 /* ViewCount.swift in Sources */,
				3F340B9D27EE975A003E1484 /* PDFScrollDistance.swift in Sources */,
				3F31112A27E4C7DC00B50EA4 /* Database+MovieCreator.swift in Sources */,
				3F31110F27E3DCC400B50EA4 /* OpenResponseContainsEmoji.swift in Sources */,
				3F340B7527EE34CC003E1484 /* JobRelatedJobsModalOpenCount.swift in Sources */,
				3FBD80E527ECEE4F000094D2 /* MovieCreatorPathBuilderItemCount.swift in Sources */,
				3F340B5C27ED6D7E003E1484 /* MoviePlayTime.swift in Sources */,
			);
			runOnlyForDeploymentPostprocessing = 0;
		};
/* End PBXSourcesBuildPhase section */

/* Begin XCBuildConfiguration section */
		3F35DB3E27C6CB33009C3DB3 /* Debug */ = {
			isa = XCBuildConfiguration;
			buildSettings = {
				ALWAYS_SEARCH_USER_PATHS = NO;
				CLANG_ANALYZER_NONNULL = YES;
				CLANG_ANALYZER_NUMBER_OBJECT_CONVERSION = YES_AGGRESSIVE;
				CLANG_CXX_LANGUAGE_STANDARD = "gnu++17";
				CLANG_CXX_LIBRARY = "libc++";
				CLANG_ENABLE_MODULES = YES;
				CLANG_ENABLE_OBJC_ARC = YES;
				CLANG_ENABLE_OBJC_WEAK = YES;
				CLANG_WARN_BLOCK_CAPTURE_AUTORELEASING = YES;
				CLANG_WARN_BOOL_CONVERSION = YES;
				CLANG_WARN_COMMA = YES;
				CLANG_WARN_CONSTANT_CONVERSION = YES;
				CLANG_WARN_DEPRECATED_OBJC_IMPLEMENTATIONS = YES;
				CLANG_WARN_DIRECT_OBJC_ISA_USAGE = YES_ERROR;
				CLANG_WARN_DOCUMENTATION_COMMENTS = YES;
				CLANG_WARN_EMPTY_BODY = YES;
				CLANG_WARN_ENUM_CONVERSION = YES;
				CLANG_WARN_INFINITE_RECURSION = YES;
				CLANG_WARN_INT_CONVERSION = YES;
				CLANG_WARN_NON_LITERAL_NULL_CONVERSION = YES;
				CLANG_WARN_OBJC_IMPLICIT_RETAIN_SELF = YES;
				CLANG_WARN_OBJC_LITERAL_CONVERSION = YES;
				CLANG_WARN_OBJC_ROOT_CLASS = YES_ERROR;
				CLANG_WARN_QUOTED_INCLUDE_IN_FRAMEWORK_HEADER = YES;
				CLANG_WARN_RANGE_LOOP_ANALYSIS = YES;
				CLANG_WARN_STRICT_PROTOTYPES = YES;
				CLANG_WARN_SUSPICIOUS_MOVE = YES;
				CLANG_WARN_UNGUARDED_AVAILABILITY = YES_AGGRESSIVE;
				CLANG_WARN_UNREACHABLE_CODE = YES;
				CLANG_WARN__DUPLICATE_METHOD_MATCH = YES;
				COPY_PHASE_STRIP = NO;
				DEBUG_INFORMATION_FORMAT = dwarf;
				ENABLE_STRICT_OBJC_MSGSEND = YES;
				ENABLE_TESTABILITY = YES;
				GCC_C_LANGUAGE_STANDARD = gnu11;
				GCC_DYNAMIC_NO_PIC = NO;
				GCC_NO_COMMON_BLOCKS = YES;
				GCC_OPTIMIZATION_LEVEL = 0;
				GCC_PREPROCESSOR_DEFINITIONS = (
					"DEBUG=1",
					"$(inherited)",
				);
				GCC_WARN_64_TO_32_BIT_CONVERSION = YES;
				GCC_WARN_ABOUT_RETURN_TYPE = YES_ERROR;
				GCC_WARN_UNDECLARED_SELECTOR = YES;
				GCC_WARN_UNINITIALIZED_AUTOS = YES_AGGRESSIVE;
				GCC_WARN_UNUSED_FUNCTION = YES;
				GCC_WARN_UNUSED_VARIABLE = YES;
				MACOSX_DEPLOYMENT_TARGET = 12.1;
				MTL_ENABLE_DEBUG_INFO = INCLUDE_SOURCE;
				MTL_FAST_MATH = YES;
				ONLY_ACTIVE_ARCH = YES;
				SDKROOT = macosx;
				SWIFT_ACTIVE_COMPILATION_CONDITIONS = DEBUG;
				SWIFT_OPTIMIZATION_LEVEL = "-Onone";
			};
			name = Debug;
		};
		3F35DB3F27C6CB33009C3DB3 /* Release */ = {
			isa = XCBuildConfiguration;
			buildSettings = {
				ALWAYS_SEARCH_USER_PATHS = NO;
				CLANG_ANALYZER_NONNULL = YES;
				CLANG_ANALYZER_NUMBER_OBJECT_CONVERSION = YES_AGGRESSIVE;
				CLANG_CXX_LANGUAGE_STANDARD = "gnu++17";
				CLANG_CXX_LIBRARY = "libc++";
				CLANG_ENABLE_MODULES = YES;
				CLANG_ENABLE_OBJC_ARC = YES;
				CLANG_ENABLE_OBJC_WEAK = YES;
				CLANG_WARN_BLOCK_CAPTURE_AUTORELEASING = YES;
				CLANG_WARN_BOOL_CONVERSION = YES;
				CLANG_WARN_COMMA = YES;
				CLANG_WARN_CONSTANT_CONVERSION = YES;
				CLANG_WARN_DEPRECATED_OBJC_IMPLEMENTATIONS = YES;
				CLANG_WARN_DIRECT_OBJC_ISA_USAGE = YES_ERROR;
				CLANG_WARN_DOCUMENTATION_COMMENTS = YES;
				CLANG_WARN_EMPTY_BODY = YES;
				CLANG_WARN_ENUM_CONVERSION = YES;
				CLANG_WARN_INFINITE_RECURSION = YES;
				CLANG_WARN_INT_CONVERSION = YES;
				CLANG_WARN_NON_LITERAL_NULL_CONVERSION = YES;
				CLANG_WARN_OBJC_IMPLICIT_RETAIN_SELF = YES;
				CLANG_WARN_OBJC_LITERAL_CONVERSION = YES;
				CLANG_WARN_OBJC_ROOT_CLASS = YES_ERROR;
				CLANG_WARN_QUOTED_INCLUDE_IN_FRAMEWORK_HEADER = YES;
				CLANG_WARN_RANGE_LOOP_ANALYSIS = YES;
				CLANG_WARN_STRICT_PROTOTYPES = YES;
				CLANG_WARN_SUSPICIOUS_MOVE = YES;
				CLANG_WARN_UNGUARDED_AVAILABILITY = YES_AGGRESSIVE;
				CLANG_WARN_UNREACHABLE_CODE = YES;
				CLANG_WARN__DUPLICATE_METHOD_MATCH = YES;
				COPY_PHASE_STRIP = NO;
				DEBUG_INFORMATION_FORMAT = "dwarf-with-dsym";
				ENABLE_NS_ASSERTIONS = NO;
				ENABLE_STRICT_OBJC_MSGSEND = YES;
				GCC_C_LANGUAGE_STANDARD = gnu11;
				GCC_NO_COMMON_BLOCKS = YES;
				GCC_WARN_64_TO_32_BIT_CONVERSION = YES;
				GCC_WARN_ABOUT_RETURN_TYPE = YES_ERROR;
				GCC_WARN_UNDECLARED_SELECTOR = YES;
				GCC_WARN_UNINITIALIZED_AUTOS = YES_AGGRESSIVE;
				GCC_WARN_UNUSED_FUNCTION = YES;
				GCC_WARN_UNUSED_VARIABLE = YES;
				MACOSX_DEPLOYMENT_TARGET = 12.1;
				MTL_ENABLE_DEBUG_INFO = NO;
				MTL_FAST_MATH = YES;
				SDKROOT = macosx;
				SWIFT_COMPILATION_MODE = wholemodule;
				SWIFT_OPTIMIZATION_LEVEL = "-O";
			};
			name = Release;
		};
		3F35DB4127C6CB33009C3DB3 /* Debug */ = {
			isa = XCBuildConfiguration;
			buildSettings = {
				ASSETCATALOG_COMPILER_APPICON_NAME = AppIcon;
				ASSETCATALOG_COMPILER_GLOBAL_ACCENT_COLOR_NAME = AccentColor;
				CODE_SIGN_ENTITLEMENTS = AppBookDataAnalyzer/AppBookDataAnalyzer.entitlements;
				CODE_SIGN_STYLE = Automatic;
				COMBINE_HIDPI_IMAGES = YES;
				CURRENT_PROJECT_VERSION = 1;
				DEVELOPMENT_ASSET_PATHS = "\"AppBookDataAnalyzer/Preview Content\"";
				DEVELOPMENT_TEAM = G3C3QJW6UE;
				ENABLE_HARDENED_RUNTIME = YES;
				ENABLE_PREVIEWS = YES;
				GENERATE_INFOPLIST_FILE = YES;
				INFOPLIST_KEY_NSHumanReadableCopyright = "";
				LD_RUNPATH_SEARCH_PATHS = (
					"$(inherited)",
					"@executable_path/../Frameworks",
				);
				MARKETING_VERSION = 1.0;
				PRODUCT_BUNDLE_IDENTIFIER = com.cye.AppBookDataAnalyzer;
				PRODUCT_NAME = "$(TARGET_NAME)";
				SWIFT_EMIT_LOC_STRINGS = YES;
				SWIFT_VERSION = 5.0;
			};
			name = Debug;
		};
		3F35DB4227C6CB33009C3DB3 /* Release */ = {
			isa = XCBuildConfiguration;
			buildSettings = {
				ASSETCATALOG_COMPILER_APPICON_NAME = AppIcon;
				ASSETCATALOG_COMPILER_GLOBAL_ACCENT_COLOR_NAME = AccentColor;
				CODE_SIGN_ENTITLEMENTS = AppBookDataAnalyzer/AppBookDataAnalyzer.entitlements;
				CODE_SIGN_STYLE = Automatic;
				COMBINE_HIDPI_IMAGES = YES;
				CURRENT_PROJECT_VERSION = 1;
				DEVELOPMENT_ASSET_PATHS = "\"AppBookDataAnalyzer/Preview Content\"";
				DEVELOPMENT_TEAM = G3C3QJW6UE;
				ENABLE_HARDENED_RUNTIME = YES;
				ENABLE_PREVIEWS = YES;
				GENERATE_INFOPLIST_FILE = YES;
				INFOPLIST_KEY_NSHumanReadableCopyright = "";
				LD_RUNPATH_SEARCH_PATHS = (
					"$(inherited)",
					"@executable_path/../Frameworks",
				);
				MARKETING_VERSION = 1.0;
				PRODUCT_BUNDLE_IDENTIFIER = com.cye.AppBookDataAnalyzer;
				PRODUCT_NAME = "$(TARGET_NAME)";
				SWIFT_EMIT_LOC_STRINGS = YES;
				SWIFT_VERSION = 5.0;
			};
			name = Release;
		};
/* End XCBuildConfiguration section */

/* Begin XCConfigurationList section */
		3F35DB2C27C6CB32009C3DB3 /* Build configuration list for PBXProject "AppBookDataAnalyzer" */ = {
			isa = XCConfigurationList;
			buildConfigurations = (
				3F35DB3E27C6CB33009C3DB3 /* Debug */,
				3F35DB3F27C6CB33009C3DB3 /* Release */,
			);
			defaultConfigurationIsVisible = 0;
			defaultConfigurationName = Release;
		};
		3F35DB4027C6CB33009C3DB3 /* Build configuration list for PBXNativeTarget "AppBookDataAnalyzer" */ = {
			isa = XCConfigurationList;
			buildConfigurations = (
				3F35DB4127C6CB33009C3DB3 /* Debug */,
				3F35DB4227C6CB33009C3DB3 /* Release */,
			);
			defaultConfigurationIsVisible = 0;
			defaultConfigurationName = Release;
		};
/* End XCConfigurationList section */

/* Begin XCRemoteSwiftPackageReference section */
		3F2FCE5927D7BC74000847E8 /* XCRemoteSwiftPackageReference "GRDB.swift" */ = {
			isa = XCRemoteSwiftPackageReference;
			repositoryURL = "https://github.com/groue/GRDB.swift.git";
			requirement = {
				kind = exactVersion;
				version = 5.21.0;
			};
		};
		3F340B5E27ED7767003E1484 /* XCRemoteSwiftPackageReference "Regex" */ = {
			isa = XCRemoteSwiftPackageReference;
			repositoryURL = "https://github.com/sindresorhus/Regex.git";
			requirement = {
				kind = exactVersion;
				version = 1.0.0;
			};
		};
/* End XCRemoteSwiftPackageReference section */

/* Begin XCSwiftPackageProductDependency section */
		3F2FCE5A27D7BC74000847E8 /* GRDB */ = {
			isa = XCSwiftPackageProductDependency;
			package = 3F2FCE5927D7BC74000847E8 /* XCRemoteSwiftPackageReference "GRDB.swift" */;
			productName = GRDB;
		};
		3F340B5F27ED7767003E1484 /* Regex */ = {
			isa = XCSwiftPackageProductDependency;
			package = 3F340B5E27ED7767003E1484 /* XCRemoteSwiftPackageReference "Regex" */;
			productName = Regex;
		};
/* End XCSwiftPackageProductDependency section */
	};
	rootObject = 3F35DB2927C6CB32009C3DB3 /* Project object */;
}
