{
  "pins" : [
    {
      "identity" : "appbookanalyticevents",
      "kind" : "remoteSourceControl",
      "location" : "https://github.com/CenterforYouthEngagement/AppBookAnalyticEvents",
      "state" : {
        "revision" : "fe91c73d18542af2313918277b7cfd3666e9d8c1",
        "version" : "1.0.2"
      }
    },
    {
      "identity" : "grdb.swift",
      "kind" : "remoteSourceControl",
      "location" : "https://github.com/groue/GRDB.swift.git",
      "state" : {
        "revision" : "d40474d2b78fe530d0cf1216c46fd1fc5e30e539",
        "version" : "5.21.0"
      }
    },
    {
      "identity" : "regex",
      "kind" : "remoteSourceControl",
      "location" : "https://github.com/sindresorhus/Regex.git",
      "state" : {
        "revision" : "bbaeb150734853a5a18af26d3ca050eb11238aa4",
        "version" : "1.0.0"
      }
    }
  ],
  "version" : 2
}
